
Microsoft Visual Studio Solution File, Format Version 12.00
# Visual Studio Version 17
VisualStudioVersion = 17.0.32126.317
MinimumVisualStudioVersion = 10.0.40219.1
Project("{FAE04EC0-301F-11D3-BF4B-00C04F79EFBC}") = "MyGitting", "MyGitting\MyGitting.csproj", "{90A2297B-75DD-4C8B-A83D-60BA754907D5}"
EndProject
Global
	GlobalSection(SolutionConfigurationPlatforms) = preSolution
		Debug|Any CPU = Debug|Any CPU
		Release|Any CPU = Release|Any CPU
	EndGlobalSection
	GlobalSection(ProjectConfigurationPlatforms) = postSolution
		{90A2297B-75DD-4C8B-A83D-60BA754907D5}.Debug|Any CPU.ActiveCfg = Debug|Any CPU
		{90A2297B-75DD-4C8B-A83D-60BA754907D5}.Debug|Any CPU.Build.0 = Debug|Any CPU
		{90A2297B-75DD-4C8B-A83D-60BA754907D5}.Release|Any CPU.ActiveCfg = Release|Any CPU
		{90A2297B-75DD-4C8B-A83D-60BA754907D5}.Release|Any CPU.Build.0 = Release|Any CPU
	EndGlobalSection
	GlobalSection(SolutionProperties) = preSolution
		HideSolutionNode = FALSE
	EndGlobalSection
	GlobalSection(ExtensibilityGlobals) = postSolution
		SolutionGuid = {C62D9B3D-9556-4E15-AFC9-E88551815C95}
	EndGlobalSection
EndGlobal
